
Microsoft Visual Studio Solution File, Format Version 12.00
# Blend for Visual Studio 15
VisualStudioVersion = 15.0.28010.2019
MinimumVisualStudioVersion = 10.0.40219.1
Project("{FAE04EC0-301F-11D3-BF4B-00C04F79EFBC}") = "CourseProject(WPF)", "CourseProject(WPF)\CourseProject(WPF).csproj", "{2BD65F72-E912-4520-AB3F-D582D3D124A3}"
EndProject
Global
	GlobalSection(SolutionConfigurationPlatforms) = preSolution
		Debug|Any CPU = Debug|Any CPU
		Release|Any CPU = Release|Any CPU
	EndGlobalSection
	GlobalSection(ProjectConfigurationPlatforms) = postSolution
		{2BD65F72-E912-4520-AB3F-D582D3D124A3}.Debug|Any CPU.ActiveCfg = Debug|Any CPU
		{2BD65F72-E912-4520-AB3F-D582D3D124A3}.Debug|Any CPU.Build.0 = Debug|Any CPU
		{2BD65F72-E912-4520-AB3F-D582D3D124A3}.Release|Any CPU.ActiveCfg = Release|Any CPU
		{2BD65F72-E912-4520-AB3F-D582D3D124A3}.Release|Any CPU.Build.0 = Release|Any CPU
	EndGlobalSection
	GlobalSection(SolutionProperties) = preSolution
		HideSolutionNode = FALSE
	EndGlobalSection
	GlobalSection(ExtensibilityGlobals) = postSolution
		SolutionGuid = {AA575B70-79A4-4996-A619-B45CE61433B2}
	EndGlobalSection
EndGlobal
